
Microsoft Visual Studio Solution File, Format Version 12.00
# Visual Studio Version 17
VisualStudioVersion = 17.3.32811.315
MinimumVisualStudioVersion = 10.0.40219.1
Project("{9A19103F-16F7-4668-BE54-9A1E7A4F7556}") = "Lab01", "Lab01\Lab01.csproj", "{A249BD30-A313-41BE-821D-AF561F83C987}"
EndProject
Project("{9A19103F-16F7-4668-BE54-9A1E7A4F7556}") = "Lab02", "Lab02\Lab02.csproj", "{579F6293-0DBB-416B-9693-42096A6A97E0}"
EndProject
Project("{9A19103F-16F7-4668-BE54-9A1E7A4F7556}") = "Lab03", "Lab03\Lab03.csproj", "{0262A044-05F2-4EFA-8134-95BF42E7F527}"
EndProject
Project("{9A19103F-16F7-4668-BE54-9A1E7A4F7556}") = "Lab04", "Lab04\Lab04.csproj", "{7BB5024E-70C3-4B3E-A726-443FBF8110AD}"
EndProject
Project("{9A19103F-16F7-4668-BE54-9A1E7A4F7556}") = "Assignment01", "Assignment01\Assignment01.csproj", "{3C3F4490-48D9-4AE2-9C94-3035088730BD}"
EndProject
Project("{9A19103F-16F7-4668-BE54-9A1E7A4F7556}") = "Lab05", "Lab05\Lab05.csproj", "{6F870CFC-1BDD-4EFD-A272-2AEE8F7023C9}"
EndProject
Project("{9A19103F-16F7-4668-BE54-9A1E7A4F7556}") = "SimpleEngine", "SimpleEngine\SimpleEngine.csproj", "{E18F641F-3F7B-43D2-A577-B16DA681A9B8}"
EndProject
Project("{9A19103F-16F7-4668-BE54-9A1E7A4F7556}") = "Lab06", "Lab06\Lab06.csproj", "{86FAFE9C-8AEE-48D4-9BB7-08AB1C269110}"
EndProject
Project("{9A19103F-16F7-4668-BE54-9A1E7A4F7556}") = "Lab07", "Lab07\Lab07.csproj", "{CD3965F3-1EA4-4195-A717-94996C3DE66E}"
EndProject
Project("{9A19103F-16F7-4668-BE54-9A1E7A4F7556}") = "Lab08Image", "Lab08Image\Lab08Image.csproj", "{104DF174-88CB-49E9-9F50-B8CB5D4CBE18}"
EndProject
Project("{FAE04EC0-301F-11D3-BF4B-00C04F79EFBC}") = "Assignment03", "Assignment03\Assignment03.csproj", "{F086D1FA-43AD-437C-9CDF-4B813066BC71}"
EndProject
Global
	GlobalSection(SolutionConfigurationPlatforms) = preSolution
		Debug|Any CPU = Debug|Any CPU
		Release|Any CPU = Release|Any CPU
	EndGlobalSection
	GlobalSection(ProjectConfigurationPlatforms) = postSolution
		{A249BD30-A313-41BE-821D-AF561F83C987}.Debug|Any CPU.ActiveCfg = Debug|Any CPU
		{A249BD30-A313-41BE-821D-AF561F83C987}.Release|Any CPU.ActiveCfg = Release|Any CPU
		{A249BD30-A313-41BE-821D-AF561F83C987}.Release|Any CPU.Build.0 = Release|Any CPU
		{579F6293-0DBB-416B-9693-42096A6A97E0}.Debug|Any CPU.ActiveCfg = Debug|Any CPU
		{579F6293-0DBB-416B-9693-42096A6A97E0}.Release|Any CPU.ActiveCfg = Release|Any CPU
		{579F6293-0DBB-416B-9693-42096A6A97E0}.Release|Any CPU.Build.0 = Release|Any CPU
		{0262A044-05F2-4EFA-8134-95BF42E7F527}.Debug|Any CPU.ActiveCfg = Debug|Any CPU
		{0262A044-05F2-4EFA-8134-95BF42E7F527}.Release|Any CPU.ActiveCfg = Release|Any CPU
		{0262A044-05F2-4EFA-8134-95BF42E7F527}.Release|Any CPU.Build.0 = Release|Any CPU
		{7BB5024E-70C3-4B3E-A726-443FBF8110AD}.Debug|Any CPU.ActiveCfg = Debug|Any CPU
		{7BB5024E-70C3-4B3E-A726-443FBF8110AD}.Release|Any CPU.ActiveCfg = Release|Any CPU
		{7BB5024E-70C3-4B3E-A726-443FBF8110AD}.Release|Any CPU.Build.0 = Release|Any CPU
		{3C3F4490-48D9-4AE2-9C94-3035088730BD}.Debug|Any CPU.ActiveCfg = Debug|Any CPU
		{3C3F4490-48D9-4AE2-9C94-3035088730BD}.Release|Any CPU.ActiveCfg = Release|Any CPU
		{3C3F4490-48D9-4AE2-9C94-3035088730BD}.Release|Any CPU.Build.0 = Release|Any CPU
		{6F870CFC-1BDD-4EFD-A272-2AEE8F7023C9}.Debug|Any CPU.ActiveCfg = Debug|Any CPU
		{6F870CFC-1BDD-4EFD-A272-2AEE8F7023C9}.Debug|Any CPU.Build.0 = Debug|Any CPU
		{6F870CFC-1BDD-4EFD-A272-2AEE8F7023C9}.Release|Any CPU.ActiveCfg = Release|Any CPU
		{6F870CFC-1BDD-4EFD-A272-2AEE8F7023C9}.Release|Any CPU.Build.0 = Release|Any CPU
		{E18F641F-3F7B-43D2-A577-B16DA681A9B8}.Debug|Any CPU.ActiveCfg = Debug|Any CPU
		{E18F641F-3F7B-43D2-A577-B16DA681A9B8}.Debug|Any CPU.Build.0 = Debug|Any CPU
		{E18F641F-3F7B-43D2-A577-B16DA681A9B8}.Release|Any CPU.ActiveCfg = Release|Any CPU
		{E18F641F-3F7B-43D2-A577-B16DA681A9B8}.Release|Any CPU.Build.0 = Release|Any CPU
		{86FAFE9C-8AEE-48D4-9BB7-08AB1C269110}.Debug|Any CPU.ActiveCfg = Debug|Any CPU
		{86FAFE9C-8AEE-48D4-9BB7-08AB1C269110}.Debug|Any CPU.Build.0 = Debug|Any CPU
		{86FAFE9C-8AEE-48D4-9BB7-08AB1C269110}.Release|Any CPU.ActiveCfg = Release|Any CPU
		{86FAFE9C-8AEE-48D4-9BB7-08AB1C269110}.Release|Any CPU.Build.0 = Release|Any CPU
		{CD3965F3-1EA4-4195-A717-94996C3DE66E}.Debug|Any CPU.ActiveCfg = Debug|Any CPU
		{CD3965F3-1EA4-4195-A717-94996C3DE66E}.Debug|Any CPU.Build.0 = Debug|Any CPU
		{CD3965F3-1EA4-4195-A717-94996C3DE66E}.Release|Any CPU.ActiveCfg = Release|Any CPU
		{CD3965F3-1EA4-4195-A717-94996C3DE66E}.Release|Any CPU.Build.0 = Release|Any CPU
		{104DF174-88CB-49E9-9F50-B8CB5D4CBE18}.Debug|Any CPU.ActiveCfg = Debug|Any CPU
		{104DF174-88CB-49E9-9F50-B8CB5D4CBE18}.Debug|Any CPU.Build.0 = Debug|Any CPU
		{104DF174-88CB-49E9-9F50-B8CB5D4CBE18}.Release|Any CPU.ActiveCfg = Release|Any CPU
		{104DF174-88CB-49E9-9F50-B8CB5D4CBE18}.Release|Any CPU.Build.0 = Release|Any CPU
		{F086D1FA-43AD-437C-9CDF-4B813066BC71}.Debug|Any CPU.ActiveCfg = Debug|Any CPU
		{F086D1FA-43AD-437C-9CDF-4B813066BC71}.Debug|Any CPU.Build.0 = Debug|Any CPU
		{F086D1FA-43AD-437C-9CDF-4B813066BC71}.Release|Any CPU.ActiveCfg = Release|Any CPU
		{F086D1FA-43AD-437C-9CDF-4B813066BC71}.Release|Any CPU.Build.0 = Release|Any CPU
	EndGlobalSection
	GlobalSection(SolutionProperties) = preSolution
		HideSolutionNode = FALSE
	EndGlobalSection
	GlobalSection(ExtensibilityGlobals) = postSolution
		SolutionGuid = {3201A57B-BC5A-4A1F-94EB-87A97577008F}
	EndGlobalSection
EndGlobal
